
Microsoft Visual Studio Solution File, Format Version 12.00
# Visual Studio 2013
VisualStudioVersion = 12.0.40629.0
MinimumVisualStudioVersion = 10.0.40219.1
Project("{FAE04EC0-301F-11D3-BF4B-00C04F79EFBC}") = "Gra_Miejska.Droid", "Gra_Miejska\Gra_Miejska.Droid\Gra_Miejska.Droid.csproj", "{F7ED1F2D-7601-4DE1-9EB9-FA59076F643E}"
EndProject
Project("{FAE04EC0-301F-11D3-BF4B-00C04F79EFBC}") = "Gra_Miejska.iOS", "Gra_Miejska\Gra_Miejska.iOS\Gra_Miejska.iOS.csproj", "{26C0B7FA-04CA-43AC-B833-BF0F5BA56153}"
EndProject
Project("{FAE04EC0-301F-11D3-BF4B-00C04F79EFBC}") = "Gra_Miejska.WinPhone", "Gra_Miejska\Gra_Miejska.WinPhone\Gra_Miejska.WinPhone.csproj", "{FD4171B7-9D71-4BC2-85DC-A9AD04460080}"
EndProject
Project("{FAE04EC0-301F-11D3-BF4B-00C04F79EFBC}") = "Gra_Miejska", "Gra_Miejska\Gra_Miejska\Gra_Miejska.csproj", "{0BBFBAAF-8C12-4EB2-957C-4D78C36BED84}"
EndProject
Global
	GlobalSection(SolutionConfigurationPlatforms) = preSolution
		Ad-Hoc|Any CPU = Ad-Hoc|Any CPU
		Ad-Hoc|ARM = Ad-Hoc|ARM
		Ad-Hoc|iPhone = Ad-Hoc|iPhone
		Ad-Hoc|iPhoneSimulator = Ad-Hoc|iPhoneSimulator
		Ad-Hoc|Mixed Platforms = Ad-Hoc|Mixed Platforms
		Ad-Hoc|x86 = Ad-Hoc|x86
		AppStore|Any CPU = AppStore|Any CPU
		AppStore|ARM = AppStore|ARM
		AppStore|iPhone = AppStore|iPhone
		AppStore|iPhoneSimulator = AppStore|iPhoneSimulator
		AppStore|Mixed Platforms = AppStore|Mixed Platforms
		AppStore|x86 = AppStore|x86
		Debug|Any CPU = Debug|Any CPU
		Debug|ARM = Debug|ARM
		Debug|iPhone = Debug|iPhone
		Debug|iPhoneSimulator = Debug|iPhoneSimulator
		Debug|Mixed Platforms = Debug|Mixed Platforms
		Debug|x86 = Debug|x86
		Release|Any CPU = Release|Any CPU
		Release|ARM = Release|ARM
		Release|iPhone = Release|iPhone
		Release|iPhoneSimulator = Release|iPhoneSimulator
		Release|Mixed Platforms = Release|Mixed Platforms
		Release|x86 = Release|x86
	EndGlobalSection
	GlobalSection(ProjectConfigurationPlatforms) = postSolution
		{F7ED1F2D-7601-4DE1-9EB9-FA59076F643E}.Ad-Hoc|Any CPU.ActiveCfg = Release|Any CPU
		{F7ED1F2D-7601-4DE1-9EB9-FA59076F643E}.Ad-Hoc|Any CPU.Build.0 = Release|Any CPU
		{F7ED1F2D-7601-4DE1-9EB9-FA59076F643E}.Ad-Hoc|Any CPU.Deploy.0 = Release|Any CPU
		{F7ED1F2D-7601-4DE1-9EB9-FA59076F643E}.Ad-Hoc|ARM.ActiveCfg = Release|Any CPU
		{F7ED1F2D-7601-4DE1-9EB9-FA59076F643E}.Ad-Hoc|iPhone.ActiveCfg = Release|Any CPU
		{F7ED1F2D-7601-4DE1-9EB9-FA59076F643E}.Ad-Hoc|iPhoneSimulator.ActiveCfg = Release|Any CPU
		{F7ED1F2D-7601-4DE1-9EB9-FA59076F643E}.Ad-Hoc|Mixed Platforms.ActiveCfg = Release|Any CPU
		{F7ED1F2D-7601-4DE1-9EB9-FA59076F643E}.Ad-Hoc|Mixed Platforms.Build.0 = Release|Any CPU
		{F7ED1F2D-7601-4DE1-9EB9-FA59076F643E}.Ad-Hoc|Mixed Platforms.Deploy.0 = Release|Any CPU
		{F7ED1F2D-7601-4DE1-9EB9-FA59076F643E}.Ad-Hoc|x86.ActiveCfg = Release|Any CPU
		{F7ED1F2D-7601-4DE1-9EB9-FA59076F643E}.AppStore|Any CPU.ActiveCfg = Release|Any CPU
		{F7ED1F2D-7601-4DE1-9EB9-FA59076F643E}.AppStore|Any CPU.Build.0 = Release|Any CPU
		{F7ED1F2D-7601-4DE1-9EB9-FA59076F643E}.AppStore|Any CPU.Deploy.0 = Release|Any CPU
		{F7ED1F2D-7601-4DE1-9EB9-FA59076F643E}.AppStore|ARM.ActiveCfg = Release|Any CPU
		{F7ED1F2D-7601-4DE1-9EB9-FA59076F643E}.AppStore|iPhone.ActiveCfg = Release|Any CPU
		{F7ED1F2D-7601-4DE1-9EB9-FA59076F643E}.AppStore|iPhoneSimulator.ActiveCfg = Release|Any CPU
		{F7ED1F2D-7601-4DE1-9EB9-FA59076F643E}.AppStore|Mixed Platforms.ActiveCfg = Release|Any CPU
		{F7ED1F2D-7601-4DE1-9EB9-FA59076F643E}.AppStore|Mixed Platforms.Build.0 = Release|Any CPU
		{F7ED1F2D-7601-4DE1-9EB9-FA59076F643E}.AppStore|Mixed Platforms.Deploy.0 = Release|Any CPU
		{F7ED1F2D-7601-4DE1-9EB9-FA59076F643E}.AppStore|x86.ActiveCfg = Release|Any CPU
		{F7ED1F2D-7601-4DE1-9EB9-FA59076F643E}.Debug|Any CPU.ActiveCfg = Debug|Any CPU
		{F7ED1F2D-7601-4DE1-9EB9-FA59076F643E}.Debug|Any CPU.Build.0 = Debug|Any CPU
		{F7ED1F2D-7601-4DE1-9EB9-FA59076F643E}.Debug|Any CPU.Deploy.0 = Debug|Any CPU
		{F7ED1F2D-7601-4DE1-9EB9-FA59076F643E}.Debug|ARM.ActiveCfg = Debug|Any CPU
		{F7ED1F2D-7601-4DE1-9EB9-FA59076F643E}.Debug|iPhone.ActiveCfg = Debug|Any CPU
		{F7ED1F2D-7601-4DE1-9EB9-FA59076F643E}.Debug|iPhoneSimulator.ActiveCfg = Debug|Any CPU
		{F7ED1F2D-7601-4DE1-9EB9-FA59076F643E}.Debug|Mixed Platforms.ActiveCfg = Debug|Any CPU
		{F7ED1F2D-7601-4DE1-9EB9-FA59076F643E}.Debug|Mixed Platforms.Build.0 = Debug|Any CPU
		{F7ED1F2D-7601-4DE1-9EB9-FA59076F643E}.Debug|Mixed Platforms.Deploy.0 = Debug|Any CPU
		{F7ED1F2D-7601-4DE1-9EB9-FA59076F643E}.Debug|x86.ActiveCfg = Debug|Any CPU
		{F7ED1F2D-7601-4DE1-9EB9-FA59076F643E}.Release|Any CPU.ActiveCfg = Release|Any CPU
		{F7ED1F2D-7601-4DE1-9EB9-FA59076F643E}.Release|Any CPU.Build.0 = Release|Any CPU
		{F7ED1F2D-7601-4DE1-9EB9-FA59076F643E}.Release|Any CPU.Deploy.0 = Release|Any CPU
		{F7ED1F2D-7601-4DE1-9EB9-FA59076F643E}.Release|ARM.ActiveCfg = Release|Any CPU
		{F7ED1F2D-7601-4DE1-9EB9-FA59076F643E}.Release|iPhone.ActiveCfg = Release|Any CPU
		{F7ED1F2D-7601-4DE1-9EB9-FA59076F643E}.Release|iPhoneSimulator.ActiveCfg = Release|Any CPU
		{F7ED1F2D-7601-4DE1-9EB9-FA59076F643E}.Release|Mixed Platforms.ActiveCfg = Release|Any CPU
		{F7ED1F2D-7601-4DE1-9EB9-FA59076F643E}.Release|Mixed Platforms.Build.0 = Release|Any CPU
		{F7ED1F2D-7601-4DE1-9EB9-FA59076F643E}.Release|Mixed Platforms.Deploy.0 = Release|Any CPU
		{F7ED1F2D-7601-4DE1-9EB9-FA59076F643E}.Release|x86.ActiveCfg = Release|Any CPU
		{26C0B7FA-04CA-43AC-B833-BF0F5BA56153}.Ad-Hoc|Any CPU.ActiveCfg = Ad-Hoc|iPhone
		{26C0B7FA-04CA-43AC-B833-BF0F5BA56153}.Ad-Hoc|ARM.ActiveCfg = Ad-Hoc|iPhone
		{26C0B7FA-04CA-43AC-B833-BF0F5BA56153}.Ad-Hoc|iPhone.ActiveCfg = Ad-Hoc|iPhone
		{26C0B7FA-04CA-43AC-B833-BF0F5BA56153}.Ad-Hoc|iPhone.Build.0 = Ad-Hoc|iPhone
		{26C0B7FA-04CA-43AC-B833-BF0F5BA56153}.Ad-Hoc|iPhoneSimulator.ActiveCfg = Ad-Hoc|iPhoneSimulator
		{26C0B7FA-04CA-43AC-B833-BF0F5BA56153}.Ad-Hoc|iPhoneSimulator.Build.0 = Ad-Hoc|iPhoneSimulator
		{26C0B7FA-04CA-43AC-B833-BF0F5BA56153}.Ad-Hoc|Mixed Platforms.ActiveCfg = Ad-Hoc|iPhone
		{26C0B7FA-04CA-43AC-B833-BF0F5BA56153}.Ad-Hoc|Mixed Platforms.Build.0 = Ad-Hoc|iPhone
		{26C0B7FA-04CA-43AC-B833-BF0F5BA56153}.Ad-Hoc|x86.ActiveCfg = Ad-Hoc|iPhone
		{26C0B7FA-04CA-43AC-B833-BF0F5BA56153}.AppStore|Any CPU.ActiveCfg = AppStore|iPhone
		{26C0B7FA-04CA-43AC-B833-BF0F5BA56153}.AppStore|ARM.ActiveCfg = AppStore|iPhone
		{26C0B7FA-04CA-43AC-B833-BF0F5BA56153}.AppStore|iPhone.ActiveCfg = AppStore|iPhone
		{26C0B7FA-04CA-43AC-B833-BF0F5BA56153}.AppStore|iPhone.Build.0 = AppStore|iPhone
		{26C0B7FA-04CA-43AC-B833-BF0F5BA56153}.AppStore|iPhoneSimulator.ActiveCfg = AppStore|iPhoneSimulator
		{26C0B7FA-04CA-43AC-B833-BF0F5BA56153}.AppStore|iPhoneSimulator.Build.0 = AppStore|iPhoneSimulator
		{26C0B7FA-04CA-43AC-B833-BF0F5BA56153}.AppStore|Mixed Platforms.ActiveCfg = AppStore|iPhone
		{26C0B7FA-04CA-43AC-B833-BF0F5BA56153}.AppStore|Mixed Platforms.Build.0 = AppStore|iPhone
		{26C0B7FA-04CA-43AC-B833-BF0F5BA56153}.AppStore|x86.ActiveCfg = AppStore|iPhone
		{26C0B7FA-04CA-43AC-B833-BF0F5BA56153}.Debug|Any CPU.ActiveCfg = Debug|iPhone
		{26C0B7FA-04CA-43AC-B833-BF0F5BA56153}.Debug|ARM.ActiveCfg = Debug|iPhone
		{26C0B7FA-04CA-43AC-B833-BF0F5BA56153}.Debug|iPhone.ActiveCfg = Debug|iPhone
		{26C0B7FA-04CA-43AC-B833-BF0F5BA56153}.Debug|iPhone.Build.0 = Debug|iPhone
		{26C0B7FA-04CA-43AC-B833-BF0F5BA56153}.Debug|iPhoneSimulator.ActiveCfg = Debug|iPhoneSimulator
		{26C0B7FA-04CA-43AC-B833-BF0F5BA56153}.Debug|iPhoneSimulator.Build.0 = Debug|iPhoneSimulator
		{26C0B7FA-04CA-43AC-B833-BF0F5BA56153}.Debug|Mixed Platforms.ActiveCfg = Debug|iPhone
		{26C0B7FA-04CA-43AC-B833-BF0F5BA56153}.Debug|Mixed Platforms.Build.0 = Debug|iPhone
		{26C0B7FA-04CA-43AC-B833-BF0F5BA56153}.Debug|x86.ActiveCfg = Debug|iPhone
		{26C0B7FA-04CA-43AC-B833-BF0F5BA56153}.Release|Any CPU.ActiveCfg = Release|iPhone
		{26C0B7FA-04CA-43AC-B833-BF0F5BA56153}.Release|ARM.ActiveCfg = Release|iPhone
		{26C0B7FA-04CA-43AC-B833-BF0F5BA56153}.Release|iPhone.ActiveCfg = Release|iPhone
		{26C0B7FA-04CA-43AC-B833-BF0F5BA56153}.Release|iPhone.Build.0 = Release|iPhone
		{26C0B7FA-04CA-43AC-B833-BF0F5BA56153}.Release|iPhoneSimulator.ActiveCfg = Release|iPhoneSimulator
		{26C0B7FA-04CA-43AC-B833-BF0F5BA56153}.Release|iPhoneSimulator.Build.0 = Release|iPhoneSimulator
		{26C0B7FA-04CA-43AC-B833-BF0F5BA56153}.Release|Mixed Platforms.ActiveCfg = Release|iPhone
		{26C0B7FA-04CA-43AC-B833-BF0F5BA56153}.Release|Mixed Platforms.Build.0 = Release|iPhone
		{26C0B7FA-04CA-43AC-B833-BF0F5BA56153}.Release|x86.ActiveCfg = Release|iPhone
		{FD4171B7-9D71-4BC2-85DC-A9AD04460080}.Ad-Hoc|Any CPU.ActiveCfg = Release|Any CPU
		{FD4171B7-9D71-4BC2-85DC-A9AD04460080}.Ad-Hoc|Any CPU.Build.0 = Release|Any CPU
		{FD4171B7-9D71-4BC2-85DC-A9AD04460080}.Ad-Hoc|Any CPU.Deploy.0 = Release|Any CPU
		{FD4171B7-9D71-4BC2-85DC-A9AD04460080}.Ad-Hoc|ARM.ActiveCfg = Release|ARM
		{FD4171B7-9D71-4BC2-85DC-A9AD04460080}.Ad-Hoc|ARM.Build.0 = Release|ARM
		{FD4171B7-9D71-4BC2-85DC-A9AD04460080}.Ad-Hoc|ARM.Deploy.0 = Release|ARM
		{FD4171B7-9D71-4BC2-85DC-A9AD04460080}.Ad-Hoc|iPhone.ActiveCfg = Release|Any CPU
		{FD4171B7-9D71-4BC2-85DC-A9AD04460080}.Ad-Hoc|iPhoneSimulator.ActiveCfg = Release|Any CPU
		{FD4171B7-9D71-4BC2-85DC-A9AD04460080}.Ad-Hoc|Mixed Platforms.ActiveCfg = Release|x86
		{FD4171B7-9D71-4BC2-85DC-A9AD04460080}.Ad-Hoc|Mixed Platforms.Build.0 = Release|x86
		{FD4171B7-9D71-4BC2-85DC-A9AD04460080}.Ad-Hoc|Mixed Platforms.Deploy.0 = Release|x86
		{FD4171B7-9D71-4BC2-85DC-A9AD04460080}.Ad-Hoc|x86.ActiveCfg = Release|x86
		{FD4171B7-9D71-4BC2-85DC-A9AD04460080}.Ad-Hoc|x86.Build.0 = Release|x86
		{FD4171B7-9D71-4BC2-85DC-A9AD04460080}.Ad-Hoc|x86.Deploy.0 = Release|x86
		{FD4171B7-9D71-4BC2-85DC-A9AD04460080}.AppStore|Any CPU.ActiveCfg = Release|Any CPU
		{FD4171B7-9D71-4BC2-85DC-A9AD04460080}.AppStore|Any CPU.Build.0 = Release|Any CPU
		{FD4171B7-9D71-4BC2-85DC-A9AD04460080}.AppStore|Any CPU.Deploy.0 = Release|Any CPU
		{FD4171B7-9D71-4BC2-85DC-A9AD04460080}.AppStore|ARM.ActiveCfg = Release|ARM
		{FD4171B7-9D71-4BC2-85DC-A9AD04460080}.AppStore|ARM.Build.0 = Release|ARM
		{FD4171B7-9D71-4BC2-85DC-A9AD04460080}.AppStore|ARM.Deploy.0 = Release|ARM
		{FD4171B7-9D71-4BC2-85DC-A9AD04460080}.AppStore|iPhone.ActiveCfg = Release|Any CPU
		{FD4171B7-9D71-4BC2-85DC-A9AD04460080}.AppStore|iPhoneSimulator.ActiveCfg = Release|Any CPU
		{FD4171B7-9D71-4BC2-85DC-A9AD04460080}.AppStore|Mixed Platforms.ActiveCfg = Release|x86
		{FD4171B7-9D71-4BC2-85DC-A9AD04460080}.AppStore|Mixed Platforms.Build.0 = Release|x86
		{FD4171B7-9D71-4BC2-85DC-A9AD04460080}.AppStore|Mixed Platforms.Deploy.0 = Release|x86
		{FD4171B7-9D71-4BC2-85DC-A9AD04460080}.AppStore|x86.ActiveCfg = Release|x86
		{FD4171B7-9D71-4BC2-85DC-A9AD04460080}.AppStore|x86.Build.0 = Release|x86
		{FD4171B7-9D71-4BC2-85DC-A9AD04460080}.AppStore|x86.Deploy.0 = Release|x86
		{FD4171B7-9D71-4BC2-85DC-A9AD04460080}.Debug|Any CPU.ActiveCfg = Debug|Any CPU
		{FD4171B7-9D71-4BC2-85DC-A9AD04460080}.Debug|Any CPU.Build.0 = Debug|Any CPU
		{FD4171B7-9D71-4BC2-85DC-A9AD04460080}.Debug|Any CPU.Deploy.0 = Debug|Any CPU
		{FD4171B7-9D71-4BC2-85DC-A9AD04460080}.Debug|ARM.ActiveCfg = Debug|ARM
		{FD4171B7-9D71-4BC2-85DC-A9AD04460080}.Debug|ARM.Build.0 = Debug|ARM
		{FD4171B7-9D71-4BC2-85DC-A9AD04460080}.Debug|ARM.Deploy.0 = Debug|ARM
		{FD4171B7-9D71-4BC2-85DC-A9AD04460080}.Debug|iPhone.ActiveCfg = Debug|Any CPU
		{FD4171B7-9D71-4BC2-85DC-A9AD04460080}.Debug|iPhoneSimulator.ActiveCfg = Debug|Any CPU
		{FD4171B7-9D71-4BC2-85DC-A9AD04460080}.Debug|Mixed Platforms.ActiveCfg = Debug|x86
		{FD4171B7-9D71-4BC2-85DC-A9AD04460080}.Debug|Mixed Platforms.Build.0 = Debug|x86
		{FD4171B7-9D71-4BC2-85DC-A9AD04460080}.Debug|Mixed Platforms.Deploy.0 = Debug|x86
		{FD4171B7-9D71-4BC2-85DC-A9AD04460080}.Debug|x86.ActiveCfg = Debug|x86
		{FD4171B7-9D71-4BC2-85DC-A9AD04460080}.Debug|x86.Build.0 = Debug|x86
		{FD4171B7-9D71-4BC2-85DC-A9AD04460080}.Debug|x86.Deploy.0 = Debug|x86
		{FD4171B7-9D71-4BC2-85DC-A9AD04460080}.Release|Any CPU.ActiveCfg = Release|Any CPU
		{FD4171B7-9D71-4BC2-85DC-A9AD04460080}.Release|Any CPU.Build.0 = Release|Any CPU
		{FD4171B7-9D71-4BC2-85DC-A9AD04460080}.Release|Any CPU.Deploy.0 = Release|Any CPU
		{FD4171B7-9D71-4BC2-85DC-A9AD04460080}.Release|ARM.ActiveCfg = Release|ARM
		{FD4171B7-9D71-4BC2-85DC-A9AD04460080}.Release|ARM.Build.0 = Release|ARM
		{FD4171B7-9D71-4BC2-85DC-A9AD04460080}.Release|ARM.Deploy.0 = Release|ARM
		{FD4171B7-9D71-4BC2-85DC-A9AD04460080}.Release|iPhone.ActiveCfg = Release|Any CPU
		{FD4171B7-9D71-4BC2-85DC-A9AD04460080}.Release|iPhoneSimulator.ActiveCfg = Release|Any CPU
		{FD4171B7-9D71-4BC2-85DC-A9AD04460080}.Release|Mixed Platforms.ActiveCfg = Release|x86
		{FD4171B7-9D71-4BC2-85DC-A9AD04460080}.Release|Mixed Platforms.Build.0 = Release|x86
		{FD4171B7-9D71-4BC2-85DC-A9AD04460080}.Release|Mixed Platforms.Deploy.0 = Release|x86
		{FD4171B7-9D71-4BC2-85DC-A9AD04460080}.Release|x86.ActiveCfg = Release|x86
		{FD4171B7-9D71-4BC2-85DC-A9AD04460080}.Release|x86.Build.0 = Release|x86
		{FD4171B7-9D71-4BC2-85DC-A9AD04460080}.Release|x86.Deploy.0 = Release|x86
		{0BBFBAAF-8C12-4EB2-957C-4D78C36BED84}.Ad-Hoc|Any CPU.ActiveCfg = Release|Any CPU
		{0BBFBAAF-8C12-4EB2-957C-4D78C36BED84}.Ad-Hoc|Any CPU.Build.0 = Release|Any CPU
		{0BBFBAAF-8C12-4EB2-957C-4D78C36BED84}.Ad-Hoc|ARM.ActiveCfg = Release|Any CPU
		{0BBFBAAF-8C12-4EB2-957C-4D78C36BED84}.Ad-Hoc|iPhone.ActiveCfg = Release|Any CPU
		{0BBFBAAF-8C12-4EB2-957C-4D78C36BED84}.Ad-Hoc|iPhone.Build.0 = Release|Any CPU
		{0BBFBAAF-8C12-4EB2-957C-4D78C36BED84}.Ad-Hoc|iPhoneSimulator.ActiveCfg = Release|Any CPU
		{0BBFBAAF-8C12-4EB2-957C-4D78C36BED84}.Ad-Hoc|iPhoneSimulator.Build.0 = Release|Any CPU
		{0BBFBAAF-8C12-4EB2-957C-4D78C36BED84}.Ad-Hoc|Mixed Platforms.ActiveCfg = Release|Any CPU
		{0BBFBAAF-8C12-4EB2-957C-4D78C36BED84}.Ad-Hoc|Mixed Platforms.Build.0 = Release|Any CPU
		{0BBFBAAF-8C12-4EB2-957C-4D78C36BED84}.Ad-Hoc|x86.ActiveCfg = Release|Any CPU
		{0BBFBAAF-8C12-4EB2-957C-4D78C36BED84}.AppStore|Any CPU.ActiveCfg = Release|Any CPU
		{0BBFBAAF-8C12-4EB2-957C-4D78C36BED84}.AppStore|Any CPU.Build.0 = Release|Any CPU
		{0BBFBAAF-8C12-4EB2-957C-4D78C36BED84}.AppStore|ARM.ActiveCfg = Release|Any CPU
		{0BBFBAAF-8C12-4EB2-957C-4D78C36BED84}.AppStore|iPhone.ActiveCfg = Release|Any CPU
		{0BBFBAAF-8C12-4EB2-957C-4D78C36BED84}.AppStore|iPhone.Build.0 = Release|Any CPU
		{0BBFBAAF-8C12-4EB2-957C-4D78C36BED84}.AppStore|iPhoneSimulator.ActiveCfg = Release|Any CPU
		{0BBFBAAF-8C12-4EB2-957C-4D78C36BED84}.AppStore|iPhoneSimulator.Build.0 = Release|Any CPU
		{0BBFBAAF-8C12-4EB2-957C-4D78C36BED84}.AppStore|Mixed Platforms.ActiveCfg = Release|Any CPU
		{0BBFBAAF-8C12-4EB2-957C-4D78C36BED84}.AppStore|Mixed Platforms.Build.0 = Release|Any CPU
		{0BBFBAAF-8C12-4EB2-957C-4D78C36BED84}.AppStore|x86.ActiveCfg = Release|Any CPU
		{0BBFBAAF-8C12-4EB2-957C-4D78C36BED84}.Debug|Any CPU.ActiveCfg = Debug|Any CPU
		{0BBFBAAF-8C12-4EB2-957C-4D78C36BED84}.Debug|Any CPU.Build.0 = Debug|Any CPU
		{0BBFBAAF-8C12-4EB2-957C-4D78C36BED84}.Debug|ARM.ActiveCfg = Debug|Any CPU
		{0BBFBAAF-8C12-4EB2-957C-4D78C36BED84}.Debug|iPhone.ActiveCfg = Debug|Any CPU
		{0BBFBAAF-8C12-4EB2-957C-4D78C36BED84}.Debug|iPhone.Build.0 = Debug|Any CPU
		{0BBFBAAF-8C12-4EB2-957C-4D78C36BED84}.Debug|iPhoneSimulator.ActiveCfg = Debug|Any CPU
		{0BBFBAAF-8C12-4EB2-957C-4D78C36BED84}.Debug|iPhoneSimulator.Build.0 = Debug|Any CPU
		{0BBFBAAF-8C12-4EB2-957C-4D78C36BED84}.Debug|Mixed Platforms.ActiveCfg = Debug|Any CPU
		{0BBFBAAF-8C12-4EB2-957C-4D78C36BED84}.Debug|Mixed Platforms.Build.0 = Debug|Any CPU
		{0BBFBAAF-8C12-4EB2-957C-4D78C36BED84}.Debug|x86.ActiveCfg = Debug|Any CPU
		{0BBFBAAF-8C12-4EB2-957C-4D78C36BED84}.Release|Any CPU.ActiveCfg = Release|Any CPU
		{0BBFBAAF-8C12-4EB2-957C-4D78C36BED84}.Release|Any CPU.Build.0 = Release|Any CPU
		{0BBFBAAF-8C12-4EB2-957C-4D78C36BED84}.Release|ARM.ActiveCfg = Release|Any CPU
		{0BBFBAAF-8C12-4EB2-957C-4D78C36BED84}.Release|iPhone.ActiveCfg = Release|Any CPU
		{0BBFBAAF-8C12-4EB2-957C-4D78C36BED84}.Release|iPhone.Build.0 = Release|Any CPU
		{0BBFBAAF-8C12-4EB2-957C-4D78C36BED84}.Release|iPhoneSimulator.ActiveCfg = Release|Any CPU
		{0BBFBAAF-8C12-4EB2-957C-4D78C36BED84}.Release|iPhoneSimulator.Build.0 = Release|Any CPU
		{0BBFBAAF-8C12-4EB2-957C-4D78C36BED84}.Release|Mixed Platforms.ActiveCfg = Release|Any CPU
		{0BBFBAAF-8C12-4EB2-957C-4D78C36BED84}.Release|Mixed Platforms.Build.0 = Release|Any CPU
		{0BBFBAAF-8C12-4EB2-957C-4D78C36BED84}.Release|x86.ActiveCfg = Release|Any CPU
	EndGlobalSection
	GlobalSection(SolutionProperties) = preSolution
		HideSolutionNode = FALSE
	EndGlobalSection
EndGlobal
